// !$*UTF8*$!
{
	archiveVersion = 1;
	classes = {
	};
	objectVersion = 50;
	objects = {

/* Begin PBXBuildFile section */
		78E2C405268F9A65004A0C0C /* AppDelegate.swift in Sources */ = {isa = PBXBuildFile; fileRef = 78E2C404268F9A65004A0C0C /* AppDelegate.swift */; };
		78E2C407268F9A65004A0C0C /* SceneDelegate.swift in Sources */ = {isa = PBXBuildFile; fileRef = 78E2C406268F9A65004A0C0C /* SceneDelegate.swift */; };
		78E2C409268F9A65004A0C0C /* ViewController.swift in Sources */ = {isa = PBXBuildFile; fileRef = 78E2C408268F9A65004A0C0C /* ViewController.swift */; };
		78E2C40C268F9A65004A0C0C /* Main.storyboard in Resources */ = {isa = PBXBuildFile; fileRef = 78E2C40A268F9A65004A0C0C /* Main.storyboard */; };
		78E2C40E268F9A67004A0C0C /* Assets.xcassets in Resources */ = {isa = PBXBuildFile; fileRef = 78E2C40D268F9A67004A0C0C /* Assets.xcassets */; };
		78E2C411268F9A67004A0C0C /* LaunchScreen.storyboard in Resources */ = {isa = PBXBuildFile; fileRef = 78E2C40F268F9A67004A0C0C /* LaunchScreen.storyboard */; };
		78E2C41C268F9A67004A0C0C /* PenguinPayTests.swift in Sources */ = {isa = PBXBuildFile; fileRef = 78E2C41B268F9A67004A0C0C /* PenguinPayTests.swift */; };
		78E2C427268F9A67004A0C0C /* PenguinPayUITests.swift in Sources */ = {isa = PBXBuildFile; fileRef = 78E2C426268F9A67004A0C0C /* PenguinPayUITests.swift */; };
		78E2C439268F9B06004A0C0C /* ExchangeRateModel.swift in Sources */ = {isa = PBXBuildFile; fileRef = 78E2C438268F9B06004A0C0C /* ExchangeRateModel.swift */; };
		78E2C43B268F9BB3004A0C0C /* Country.swift in Sources */ = {isa = PBXBuildFile; fileRef = 78E2C43A268F9BB3004A0C0C /* Country.swift */; };
		78E2C43D268F9C41004A0C0C /* CountriesProtocol.swift in Sources */ = {isa = PBXBuildFile; fileRef = 78E2C43C268F9C41004A0C0C /* CountriesProtocol.swift */; };
		78E2C440268FA130004A0C0C /* Extensions.swift in Sources */ = {isa = PBXBuildFile; fileRef = 78E2C43F268FA130004A0C0C /* Extensions.swift */; };
		78E2C442268FA6A9004A0C0C /* CurrencyConverterProtocol.swift in Sources */ = {isa = PBXBuildFile; fileRef = 78E2C441268FA6A9004A0C0C /* CurrencyConverterProtocol.swift */; };
/* End PBXBuildFile section */

/* Begin PBXContainerItemProxy section */
		78E2C418268F9A67004A0C0C /* PBXContainerItemProxy */ = {
			isa = PBXContainerItemProxy;
			containerPortal = 78E2C3F9268F9A65004A0C0C /* Project object */;
			proxyType = 1;
			remoteGlobalIDString = 78E2C400268F9A65004A0C0C;
			remoteInfo = PenguinPay;
		};
		78E2C423268F9A67004A0C0C /* PBXContainerItemProxy */ = {
			isa = PBXContainerItemProxy;
			containerPortal = 78E2C3F9268F9A65004A0C0C /* Project object */;
			proxyType = 1;
			remoteGlobalIDString = 78E2C400268F9A65004A0C0C;
			remoteInfo = PenguinPay;
		};
/* End PBXContainerItemProxy section */

/* Begin PBXFileReference section */
		78E2C401268F9A65004A0C0C /* PenguinPay.app */ = {isa = PBXFileReference; explicitFileType = wrapper.application; includeInIndex = 0; path = PenguinPay.app; sourceTree = BUILT_PRODUCTS_DIR; };
		78E2C404268F9A65004A0C0C /* AppDelegate.swift */ = {isa = PBXFileReference; lastKnownFileType = sourcecode.swift; path = AppDelegate.swift; sourceTree = "<group>"; };
		78E2C406268F9A65004A0C0C /* SceneDelegate.swift */ = {isa = PBXFileReference; lastKnownFileType = sourcecode.swift; path = SceneDelegate.swift; sourceTree = "<group>"; };
		78E2C408268F9A65004A0C0C /* ViewController.swift */ = {isa = PBXFileReference; lastKnownFileType = sourcecode.swift; path = ViewController.swift; sourceTree = "<group>"; };
		78E2C40B268F9A65004A0C0C /* Base */ = {isa = PBXFileReference; lastKnownFileType = file.storyboard; name = Base; path = Base.lproj/Main.storyboard; sourceTree = "<group>"; };
		78E2C40D268F9A67004A0C0C /* Assets.xcassets */ = {isa = PBXFileReference; lastKnownFileType = folder.assetcatalog; path = Assets.xcassets; sourceTree = "<group>"; };
		78E2C410268F9A67004A0C0C /* Base */ = {isa = PBXFileReference; lastKnownFileType = file.storyboard; name = Base; path = Base.lproj/LaunchScreen.storyboard; sourceTree = "<group>"; };
		78E2C412268F9A67004A0C0C /* Info.plist */ = {isa = PBXFileReference; lastKnownFileType = text.plist.xml; path = Info.plist; sourceTree = "<group>"; };
		78E2C417268F9A67004A0C0C /* PenguinPayTests.xctest */ = {isa = PBXFileReference; explicitFileType = wrapper.cfbundle; includeInIndex = 0; path = PenguinPayTests.xctest; sourceTree = BUILT_PRODUCTS_DIR; };
		78E2C41B268F9A67004A0C0C /* PenguinPayTests.swift */ = {isa = PBXFileReference; lastKnownFileType = sourcecode.swift; path = PenguinPayTests.swift; sourceTree = "<group>"; };
		78E2C41D268F9A67004A0C0C /* Info.plist */ = {isa = PBXFileReference; lastKnownFileType = text.plist.xml; path = Info.plist; sourceTree = "<group>"; };
		78E2C422268F9A67004A0C0C /* PenguinPayUITests.xctest */ = {isa = PBXFileReference; explicitFileType = wrapper.cfbundle; includeInIndex = 0; path = PenguinPayUITests.xctest; sourceTree = BUILT_PRODUCTS_DIR; };
		78E2C426268F9A67004A0C0C /* PenguinPayUITests.swift */ = {isa = PBXFileReference; lastKnownFileType = sourcecode.swift; path = PenguinPayUITests.swift; sourceTree = "<group>"; };
		78E2C428268F9A67004A0C0C /* Info.plist */ = {isa = PBXFileReference; lastKnownFileType = text.plist.xml; path = Info.plist; sourceTree = "<group>"; };
		78E2C438268F9B06004A0C0C /* ExchangeRateModel.swift */ = {isa = PBXFileReference; lastKnownFileType = sourcecode.swift; path = ExchangeRateModel.swift; sourceTree = "<group>"; };
		78E2C43A268F9BB3004A0C0C /* Country.swift */ = {isa = PBXFileReference; lastKnownFileType = sourcecode.swift; path = Country.swift; sourceTree = "<group>"; };
		78E2C43C268F9C41004A0C0C /* CountriesProtocol.swift */ = {isa = PBXFileReference; lastKnownFileType = sourcecode.swift; path = CountriesProtocol.swift; sourceTree = "<group>"; };
		78E2C43F268FA130004A0C0C /* Extensions.swift */ = {isa = PBXFileReference; lastKnownFileType = sourcecode.swift; path = Extensions.swift; sourceTree = "<group>"; };
		78E2C441268FA6A9004A0C0C /* CurrencyConverterProtocol.swift */ = {isa = PBXFileReference; lastKnownFileType = sourcecode.swift; path = CurrencyConverterProtocol.swift; sourceTree = "<group>"; };
/* End PBXFileReference section */

/* Begin PBXFrameworksBuildPhase section */
		78E2C3FE268F9A65004A0C0C /* Frameworks */ = {
			isa = PBXFrameworksBuildPhase;
			buildActionMask = 2147483647;
			files = (
			);
			runOnlyForDeploymentPostprocessing = 0;
		};
		78E2C414268F9A67004A0C0C /* Frameworks */ = {
			isa = PBXFrameworksBuildPhase;
			buildActionMask = 2147483647;
			files = (
			);
			runOnlyForDeploymentPostprocessing = 0;
		};
		78E2C41F268F9A67004A0C0C /* Frameworks */ = {
			isa = PBXFrameworksBuildPhase;
			buildActionMask = 2147483647;
			files = (
			);
			runOnlyForDeploymentPostprocessing = 0;
		};
/* End PBXFrameworksBuildPhase section */

/* Begin PBXGroup section */
		78E2C3F8268F9A65004A0C0C = {
			isa = PBXGroup;
			children = (
				78E2C403268F9A65004A0C0C /* PenguinPay */,
				78E2C41A268F9A67004A0C0C /* PenguinPayTests */,
				78E2C425268F9A67004A0C0C /* PenguinPayUITests */,
				78E2C402268F9A65004A0C0C /* Products */,
			);
			sourceTree = "<group>";
		};
		78E2C402268F9A65004A0C0C /* Products */ = {
			isa = PBXGroup;
			children = (
				78E2C401268F9A65004A0C0C /* PenguinPay.app */,
				78E2C417268F9A67004A0C0C /* PenguinPayTests.xctest */,
				78E2C422268F9A67004A0C0C /* PenguinPayUITests.xctest */,
			);
			name = Products;
			sourceTree = "<group>";
		};
		78E2C403268F9A65004A0C0C /* PenguinPay */ = {
			isa = PBXGroup;
			children = (
				78E2C43E268FA11A004A0C0C /* Extension */,
				78E2C434268F9A98004A0C0C /* Model */,
				78E2C404268F9A65004A0C0C /* AppDelegate.swift */,
				78E2C406268F9A65004A0C0C /* SceneDelegate.swift */,
				78E2C408268F9A65004A0C0C /* ViewController.swift */,
				78E2C40A268F9A65004A0C0C /* Main.storyboard */,
				78E2C40D268F9A67004A0C0C /* Assets.xcassets */,
				78E2C40F268F9A67004A0C0C /* LaunchScreen.storyboard */,
				78E2C412268F9A67004A0C0C /* Info.plist */,
			);
			path = PenguinPay;
			sourceTree = "<group>";
		};
		78E2C41A268F9A67004A0C0C /* PenguinPayTests */ = {
			isa = PBXGroup;
			children = (
				78E2C41B268F9A67004A0C0C /* PenguinPayTests.swift */,
				78E2C41D268F9A67004A0C0C /* Info.plist */,
			);
			path = PenguinPayTests;
			sourceTree = "<group>";
		};
		78E2C425268F9A67004A0C0C /* PenguinPayUITests */ = {
			isa = PBXGroup;
			children = (
				78E2C426268F9A67004A0C0C /* PenguinPayUITests.swift */,
				78E2C428268F9A67004A0C0C /* Info.plist */,
			);
			path = PenguinPayUITests;
			sourceTree = "<group>";
		};
		78E2C434268F9A98004A0C0C /* Model */ = {
			isa = PBXGroup;
			children = (
				78E2C438268F9B06004A0C0C /* ExchangeRateModel.swift */,
				78E2C43A268F9BB3004A0C0C /* Country.swift */,
				78E2C43C268F9C41004A0C0C /* CountriesProtocol.swift */,
				78E2C441268FA6A9004A0C0C /* CurrencyConverterProtocol.swift */,
			);
			path = Model;
			sourceTree = "<group>";
		};
		78E2C43E268FA11A004A0C0C /* Extension */ = {
			isa = PBXGroup;
			children = (
				78E2C43F268FA130004A0C0C /* Extensions.swift */,
			);
			path = Extension;
			sourceTree = "<group>";
		};
/* End PBXGroup section */

/* Begin PBXNativeTarget section */
		78E2C400268F9A65004A0C0C /* PenguinPay */ = {
			isa = PBXNativeTarget;
			buildConfigurationList = 78E2C42B268F9A67004A0C0C /* Build configuration list for PBXNativeTarget "PenguinPay" */;
			buildPhases = (
				78E2C3FD268F9A65004A0C0C /* Sources */,
				78E2C3FE268F9A65004A0C0C /* Frameworks */,
				78E2C3FF268F9A65004A0C0C /* Resources */,
			);
			buildRules = (
			);
			dependencies = (
			);
			name = PenguinPay;
			productName = PenguinPay;
			productReference = 78E2C401268F9A65004A0C0C /* PenguinPay.app */;
			productType = "com.apple.product-type.application";
		};
		78E2C416268F9A67004A0C0C /* PenguinPayTests */ = {
			isa = PBXNativeTarget;
			buildConfigurationList = 78E2C42E268F9A67004A0C0C /* Build configuration list for PBXNativeTarget "PenguinPayTests" */;
			buildPhases = (
				78E2C413268F9A67004A0C0C /* Sources */,
				78E2C414268F9A67004A0C0C /* Frameworks */,
				78E2C415268F9A67004A0C0C /* Resources */,
			);
			buildRules = (
			);
			dependencies = (
				78E2C419268F9A67004A0C0C /* PBXTargetDependency */,
			);
			name = PenguinPayTests;
			productName = PenguinPayTests;
			productReference = 78E2C417268F9A67004A0C0C /* PenguinPayTests.xctest */;
			productType = "com.apple.product-type.bundle.unit-test";
		};
		78E2C421268F9A67004A0C0C /* PenguinPayUITests */ = {
			isa = PBXNativeTarget;
			buildConfigurationList = 78E2C431268F9A67004A0C0C /* Build configuration list for PBXNativeTarget "PenguinPayUITests" */;
			buildPhases = (
				78E2C41E268F9A67004A0C0C /* Sources */,
				78E2C41F268F9A67004A0C0C /* Frameworks */,
				78E2C420268F9A67004A0C0C /* Resources */,
			);
			buildRules = (
			);
			dependencies = (
				78E2C424268F9A67004A0C0C /* PBXTargetDependency */,
			);
			name = PenguinPayUITests;
			productName = PenguinPayUITests;
			productReference = 78E2C422268F9A67004A0C0C /* PenguinPayUITests.xctest */;
			productType = "com.apple.product-type.bundle.ui-testing";
		};
/* End PBXNativeTarget section */

/* Begin PBXProject section */
		78E2C3F9268F9A65004A0C0C /* Project object */ = {
			isa = PBXProject;
			attributes = {
				LastSwiftUpdateCheck = 1250;
				LastUpgradeCheck = 1250;
				TargetAttributes = {
					78E2C400268F9A65004A0C0C = {
						CreatedOnToolsVersion = 12.5;
					};
					78E2C416268F9A67004A0C0C = {
						CreatedOnToolsVersion = 12.5;
						TestTargetID = 78E2C400268F9A65004A0C0C;
					};
					78E2C421268F9A67004A0C0C = {
						CreatedOnToolsVersion = 12.5;
						TestTargetID = 78E2C400268F9A65004A0C0C;
					};
				};
			};
			buildConfigurationList = 78E2C3FC268F9A65004A0C0C /* Build configuration list for PBXProject "PenguinPay" */;
			compatibilityVersion = "Xcode 9.3";
			developmentRegion = en;
			hasScannedForEncodings = 0;
			knownRegions = (
				en,
				Base,
			);
			mainGroup = 78E2C3F8268F9A65004A0C0C;
			productRefGroup = 78E2C402268F9A65004A0C0C /* Products */;
			projectDirPath = "";
			projectRoot = "";
			targets = (
				78E2C400268F9A65004A0C0C /* PenguinPay */,
				78E2C416268F9A67004A0C0C /* PenguinPayTests */,
				78E2C421268F9A67004A0C0C /* PenguinPayUITests */,
			);
		};
/* End PBXProject section */

/* Begin PBXResourcesBuildPhase section */
		78E2C3FF268F9A65004A0C0C /* Resources */ = {
			isa = PBXResourcesBuildPhase;
			buildActionMask = 2147483647;
			files = (
				78E2C411268F9A67004A0C0C /* LaunchScreen.storyboard in Resources */,
				78E2C40E268F9A67004A0C0C /* Assets.xcassets in Resources */,
				78E2C40C268F9A65004A0C0C /* Main.storyboard in Resources */,
			);
			runOnlyForDeploymentPostprocessing = 0;
		};
		78E2C415268F9A67004A0C0C /* Resources */ = {
			isa = PBXResourcesBuildPhase;
			buildActionMask = 2147483647;
			files = (
			);
			runOnlyForDeploymentPostprocessing = 0;
		};
		78E2C420268F9A67004A0C0C /* Resources */ = {
			isa = PBXResourcesBuildPhase;
			buildActionMask = 2147483647;
			files = (
			);
			runOnlyForDeploymentPostprocessing = 0;
		};
/* End PBXResourcesBuildPhase section */

/* Begin PBXSourcesBuildPhase section */
		78E2C3FD268F9A65004A0C0C /* Sources */ = {
			isa = PBXSourcesBuildPhase;
			buildActionMask = 2147483647;
			files = (
				78E2C409268F9A65004A0C0C /* ViewController.swift in Sources */,
				78E2C405268F9A65004A0C0C /* AppDelegate.swift in Sources */,
				78E2C43D268F9C41004A0C0C /* CountriesProtocol.swift in Sources */,
				78E2C440268FA130004A0C0C /* Extensions.swift in Sources */,
				78E2C439268F9B06004A0C0C /* ExchangeRateModel.swift in Sources */,
				78E2C407268F9A65004A0C0C /* SceneDelegate.swift in Sources */,
				78E2C43B268F9BB3004A0C0C /* Country.swift in Sources */,
				78E2C442268FA6A9004A0C0C /* CurrencyConverterProtocol.swift in Sources */,
			);
			runOnlyForDeploymentPostprocessing = 0;
		};
		78E2C413268F9A67004A0C0C /* Sources */ = {
			isa = PBXSourcesBuildPhase;
			buildActionMask = 2147483647;
			files = (
				78E2C41C268F9A67004A0C0C /* PenguinPayTests.swift in Sources */,
			);
			runOnlyForDeploymentPostprocessing = 0;
		};
		78E2C41E268F9A67004A0C0C /* Sources */ = {
			isa = PBXSourcesBuildPhase;
			buildActionMask = 2147483647;
			files = (
				78E2C427268F9A67004A0C0C /* PenguinPayUITests.swift in Sources */,
			);
			runOnlyForDeploymentPostprocessing = 0;
		};
/* End PBXSourcesBuildPhase section */

/* Begin PBXTargetDependency section */
		78E2C419268F9A67004A0C0C /* PBXTargetDependency */ = {
			isa = PBXTargetDependency;
			target = 78E2C400268F9A65004A0C0C /* PenguinPay */;
			targetProxy = 78E2C418268F9A67004A0C0C /* PBXContainerItemProxy */;
		};
		78E2C424268F9A67004A0C0C /* PBXTargetDependency */ = {
			isa = PBXTargetDependency;
			target = 78E2C400268F9A65004A0C0C /* PenguinPay */;
			targetProxy = 78E2C423268F9A67004A0C0C /* PBXContainerItemProxy */;
		};
/* End PBXTargetDependency section */

/* Begin PBXVariantGroup section */
		78E2C40A268F9A65004A0C0C /* Main.storyboard */ = {
			isa = PBXVariantGroup;
			children = (
				78E2C40B268F9A65004A0C0C /* Base */,
			);
			name = Main.storyboard;
			sourceTree = "<group>";
		};
		78E2C40F268F9A67004A0C0C /* LaunchScreen.storyboard */ = {
			isa = PBXVariantGroup;
			children = (
				78E2C410268F9A67004A0C0C /* Base */,
			);
			name = LaunchScreen.storyboard;
			sourceTree = "<group>";
		};
/* End PBXVariantGroup section */

/* Begin XCBuildConfiguration section */
		78E2C429268F9A67004A0C0C /* Debug */ = {
			isa = XCBuildConfiguration;
			buildSettings = {
				ALWAYS_SEARCH_USER_PATHS = NO;
				CLANG_ANALYZER_NONNULL = YES;
				CLANG_ANALYZER_NUMBER_OBJECT_CONVERSION = YES_AGGRESSIVE;
				CLANG_CXX_LANGUAGE_STANDARD = "gnu++14";
				CLANG_CXX_LIBRARY = "libc++";
				CLANG_ENABLE_MODULES = YES;
				CLANG_ENABLE_OBJC_ARC = YES;
				CLANG_ENABLE_OBJC_WEAK = YES;
				CLANG_WARN_BLOCK_CAPTURE_AUTORELEASING = YES;
				CLANG_WARN_BOOL_CONVERSION = YES;
				CLANG_WARN_COMMA = YES;
				CLANG_WARN_CONSTANT_CONVERSION = YES;
				CLANG_WARN_DEPRECATED_OBJC_IMPLEMENTATIONS = YES;
				CLANG_WARN_DIRECT_OBJC_ISA_USAGE = YES_ERROR;
				CLANG_WARN_DOCUMENTATION_COMMENTS = YES;
				CLANG_WARN_EMPTY_BODY = YES;
				CLANG_WARN_ENUM_CONVERSION = YES;
				CLANG_WARN_INFINITE_RECURSION = YES;
				CLANG_WARN_INT_CONVERSION = YES;
				CLANG_WARN_NON_LITERAL_NULL_CONVERSION = YES;
				CLANG_WARN_OBJC_IMPLICIT_RETAIN_SELF = YES;
				CLANG_WARN_OBJC_LITERAL_CONVERSION = YES;
				CLANG_WARN_OBJC_ROOT_CLASS = YES_ERROR;
				CLANG_WARN_QUOTED_INCLUDE_IN_FRAMEWORK_HEADER = YES;
				CLANG_WARN_RANGE_LOOP_ANALYSIS = YES;
				CLANG_WARN_STRICT_PROTOTYPES = YES;
				CLANG_WARN_SUSPICIOUS_MOVE = YES;
				CLANG_WARN_UNGUARDED_AVAILABILITY = YES_AGGRESSIVE;
				CLANG_WARN_UNREACHABLE_CODE = YES;
				CLANG_WARN__DUPLICATE_METHOD_MATCH = YES;
				COPY_PHASE_STRIP = NO;
				DEBUG_INFORMATION_FORMAT = dwarf;
				ENABLE_STRICT_OBJC_MSGSEND = YES;
				ENABLE_TESTABILITY = YES;
				GCC_C_LANGUAGE_STANDARD = gnu11;
				GCC_DYNAMIC_NO_PIC = NO;
				GCC_NO_COMMON_BLOCKS = YES;
				GCC_OPTIMIZATION_LEVEL = 0;
				GCC_PREPROCESSOR_DEFINITIONS = (
					"DEBUG=1",
					"$(inherited)",
				);
				GCC_WARN_64_TO_32_BIT_CONVERSION = YES;
				GCC_WARN_ABOUT_RETURN_TYPE = YES_ERROR;
				GCC_WARN_UNDECLARED_SELECTOR = YES;
				GCC_WARN_UNINITIALIZED_AUTOS = YES_AGGRESSIVE;
				GCC_WARN_UNUSED_FUNCTION = YES;
				GCC_WARN_UNUSED_VARIABLE = YES;
				IPHONEOS_DEPLOYMENT_TARGET = 14.5;
				MTL_ENABLE_DEBUG_INFO = INCLUDE_SOURCE;
				MTL_FAST_MATH = YES;
				ONLY_ACTIVE_ARCH = YES;
				SDKROOT = iphoneos;
				SWIFT_ACTIVE_COMPILATION_CONDITIONS = DEBUG;
				SWIFT_OPTIMIZATION_LEVEL = "-Onone";
			};
			name = Debug;
		};
		78E2C42A268F9A67004A0C0C /* Release */ = {
			isa = XCBuildConfiguration;
			buildSettings = {
				ALWAYS_SEARCH_USER_PATHS = NO;
				CLANG_ANALYZER_NONNULL = YES;
				CLANG_ANALYZER_NUMBER_OBJECT_CONVERSION = YES_AGGRESSIVE;
				CLANG_CXX_LANGUAGE_STANDARD = "gnu++14";
				CLANG_CXX_LIBRARY = "libc++";
				CLANG_ENABLE_MODULES = YES;
				CLANG_ENABLE_OBJC_ARC = YES;
				CLANG_ENABLE_OBJC_WEAK = YES;
				CLANG_WARN_BLOCK_CAPTURE_AUTORELEASING = YES;
				CLANG_WARN_BOOL_CONVERSION = YES;
				CLANG_WARN_COMMA = YES;
				CLANG_WARN_CONSTANT_CONVERSION = YES;
				CLANG_WARN_DEPRECATED_OBJC_IMPLEMENTATIONS = YES;
				CLANG_WARN_DIRECT_OBJC_ISA_USAGE = YES_ERROR;
				CLANG_WARN_DOCUMENTATION_COMMENTS = YES;
				CLANG_WARN_EMPTY_BODY = YES;
				CLANG_WARN_ENUM_CONVERSION = YES;
				CLANG_WARN_INFINITE_RECURSION = YES;
				CLANG_WARN_INT_CONVERSION = YES;
				CLANG_WARN_NON_LITERAL_NULL_CONVERSION = YES;
				CLANG_WARN_OBJC_IMPLICIT_RETAIN_SELF = YES;
				CLANG_WARN_OBJC_LITERAL_CONVERSION = YES;
				CLANG_WARN_OBJC_ROOT_CLASS = YES_ERROR;
				CLANG_WARN_QUOTED_INCLUDE_IN_FRAMEWORK_HEADER = YES;
				CLANG_WARN_RANGE_LOOP_ANALYSIS = YES;
				CLANG_WARN_STRICT_PROTOTYPES = YES;
				CLANG_WARN_SUSPICIOUS_MOVE = YES;
				CLANG_WARN_UNGUARDED_AVAILABILITY = YES_AGGRESSIVE;
				CLANG_WARN_UNREACHABLE_CODE = YES;
				CLANG_WARN__DUPLICATE_METHOD_MATCH = YES;
				COPY_PHASE_STRIP = NO;
				DEBUG_INFORMATION_FORMAT = "dwarf-with-dsym";
				ENABLE_NS_ASSERTIONS = NO;
				ENABLE_STRICT_OBJC_MSGSEND = YES;
				GCC_C_LANGUAGE_STANDARD = gnu11;
				GCC_NO_COMMON_BLOCKS = YES;
				GCC_WARN_64_TO_32_BIT_CONVERSION = YES;
				GCC_WARN_ABOUT_RETURN_TYPE = YES_ERROR;
				GCC_WARN_UNDECLARED_SELECTOR = YES;
				GCC_WARN_UNINITIALIZED_AUTOS = YES_AGGRESSIVE;
				GCC_WARN_UNUSED_FUNCTION = YES;
				GCC_WARN_UNUSED_VARIABLE = YES;
				IPHONEOS_DEPLOYMENT_TARGET = 14.5;
				MTL_ENABLE_DEBUG_INFO = NO;
				MTL_FAST_MATH = YES;
				SDKROOT = iphoneos;
				SWIFT_COMPILATION_MODE = wholemodule;
				SWIFT_OPTIMIZATION_LEVEL = "-O";
				VALIDATE_PRODUCT = YES;
			};
			name = Release;
		};
		78E2C42C268F9A67004A0C0C /* Debug */ = {
			isa = XCBuildConfiguration;
			buildSettings = {
				ASSETCATALOG_COMPILER_APPICON_NAME = AppIcon;
				ASSETCATALOG_COMPILER_GLOBAL_ACCENT_COLOR_NAME = AccentColor;
				CODE_SIGN_STYLE = Automatic;
				INFOPLIST_FILE = PenguinPay/Info.plist;
				LD_RUNPATH_SEARCH_PATHS = (
					"$(inherited)",
					"@executable_path/Frameworks",
				);
				PRODUCT_BUNDLE_IDENTIFIER = com.bassant.PenguinPay;
				PRODUCT_NAME = "$(TARGET_NAME)";
				SWIFT_VERSION = 5.0;
				TARGETED_DEVICE_FAMILY = "1,2";
			};
			name = Debug;
		};
		78E2C42D268F9A67004A0C0C /* Release */ = {
			isa = XCBuildConfiguration;
			buildSettings = {
				ASSETCATALOG_COMPILER_APPICON_NAME = AppIcon;
				ASSETCATALOG_COMPILER_GLOBAL_ACCENT_COLOR_NAME = AccentColor;
				CODE_SIGN_STYLE = Automatic;
				INFOPLIST_FILE = PenguinPay/Info.plist;
				LD_RUNPATH_SEARCH_PATHS = (
					"$(inherited)",
					"@executable_path/Frameworks",
				);
				PRODUCT_BUNDLE_IDENTIFIER = com.bassant.PenguinPay;
				PRODUCT_NAME = "$(TARGET_NAME)";
				SWIFT_VERSION = 5.0;
				TARGETED_DEVICE_FAMILY = "1,2";
			};
			name = Release;
		};
		78E2C42F268F9A67004A0C0C /* Debug */ = {
			isa = XCBuildConfiguration;
			buildSettings = {
				ALWAYS_EMBED_SWIFT_STANDARD_LIBRARIES = YES;
				BUNDLE_LOADER = "$(TEST_HOST)";
				CODE_SIGN_STYLE = Automatic;
				INFOPLIST_FILE = PenguinPayTests/Info.plist;
				IPHONEOS_DEPLOYMENT_TARGET = 14.5;
				LD_RUNPATH_SEARCH_PATHS = (
					"$(inherited)",
					"@executable_path/Frameworks",
					"@loader_path/Frameworks",
				);
				PRODUCT_BUNDLE_IDENTIFIER = com.bassant.PenguinPayTests;
				PRODUCT_NAME = "$(TARGET_NAME)";
				SWIFT_VERSION = 5.0;
				TARGETED_DEVICE_FAMILY = "1,2";
				TEST_HOST = "$(BUILT_PRODUCTS_DIR)/PenguinPay.app/PenguinPay";
			};
			name = Debug;
		};
		78E2C430268F9A67004A0C0C /* Release */ = {
			isa = XCBuildConfiguration;
			buildSettings = {
				ALWAYS_EMBED_SWIFT_STANDARD_LIBRARIES = YES;
				BUNDLE_LOADER = "$(TEST_HOST)";
				CODE_SIGN_STYLE = Automatic;
				INFOPLIST_FILE = PenguinPayTests/Info.plist;
				IPHONEOS_DEPLOYMENT_TARGET = 14.5;
				LD_RUNPATH_SEARCH_PATHS = (
					"$(inherited)",
					"@executable_path/Frameworks",
					"@loader_path/Frameworks",
				);
				PRODUCT_BUNDLE_IDENTIFIER = com.bassant.PenguinPayTests;
				PRODUCT_NAME = "$(TARGET_NAME)";
				SWIFT_VERSION = 5.0;
				TARGETED_DEVICE_FAMILY = "1,2";
				TEST_HOST = "$(BUILT_PRODUCTS_DIR)/PenguinPay.app/PenguinPay";
			};
			name = Release;
		};
		78E2C432268F9A67004A0C0C /* Debug */ = {
			isa = XCBuildConfiguration;
			buildSettings = {
				ALWAYS_EMBED_SWIFT_STANDARD_LIBRARIES = YES;
				CODE_SIGN_STYLE = Automatic;
				INFOPLIST_FILE = PenguinPayUITests/Info.plist;
				LD_RUNPATH_SEARCH_PATHS = (
					"$(inherited)",
					"@executable_path/Frameworks",
					"@loader_path/Frameworks",
				);
				PRODUCT_BUNDLE_IDENTIFIER = com.bassant.PenguinPayUITests;
				PRODUCT_NAME = "$(TARGET_NAME)";
				SWIFT_VERSION = 5.0;
				TARGETED_DEVICE_FAMILY = "1,2";
				TEST_TARGET_NAME = PenguinPay;
			};
			name = Debug;
		};
		78E2C433268F9A67004A0C0C /* Release */ = {
			isa = XCBuildConfiguration;
			buildSettings = {
				ALWAYS_EMBED_SWIFT_STANDARD_LIBRARIES = YES;
				CODE_SIGN_STYLE = Automatic;
				INFOPLIST_FILE = PenguinPayUITests/Info.plist;
				LD_RUNPATH_SEARCH_PATHS = (
					"$(inherited)",
					"@executable_path/Frameworks",
					"@loader_path/Frameworks",
				);
				PRODUCT_BUNDLE_IDENTIFIER = com.bassant.PenguinPayUITests;
				PRODUCT_NAME = "$(TARGET_NAME)";
				SWIFT_VERSION = 5.0;
				TARGETED_DEVICE_FAMILY = "1,2";
				TEST_TARGET_NAME = PenguinPay;
			};
			name = Release;
		};
/* End XCBuildConfiguration section */

/* Begin XCConfigurationList section */
		78E2C3FC268F9A65004A0C0C /* Build configuration list for PBXProject "PenguinPay" */ = {
			isa = XCConfigurationList;
			buildConfigurations = (
				78E2C429268F9A67004A0C0C /* Debug */,
				78E2C42A268F9A67004A0C0C /* Release */,
			);
			defaultConfigurationIsVisible = 0;
			defaultConfigurationName = Release;
		};
		78E2C42B268F9A67004A0C0C /* Build configuration list for PBXNativeTarget "PenguinPay" */ = {
			isa = XCConfigurationList;
			buildConfigurations = (
				78E2C42C268F9A67004A0C0C /* Debug */,
				78E2C42D268F9A67004A0C0C /* Release */,
			);
			defaultConfigurationIsVisible = 0;
			defaultConfigurationName = Release;
		};
		78E2C42E268F9A67004A0C0C /* Build configuration list for PBXNativeTarget "PenguinPayTests" */ = {
			isa = XCConfigurationList;
			buildConfigurations = (
				78E2C42F268F9A67004A0C0C /* Debug */,
				78E2C430268F9A67004A0C0C /* Release */,
			);
			defaultConfigurationIsVisible = 0;
			defaultConfigurationName = Release;
		};
		78E2C431268F9A67004A0C0C /* Build configuration list for PBXNativeTarget "PenguinPayUITests" */ = {
			isa = XCConfigurationList;
			buildConfigurations = (
				78E2C432268F9A67004A0C0C /* Debug */,
				78E2C433268F9A67004A0C0C /* Release */,
			);
			defaultConfigurationIsVisible = 0;
			defaultConfigurationName = Release;
		};
/* End XCConfigurationList section */
	};
	rootObject = 78E2C3F9268F9A65004A0C0C /* Project object */;
}
